{
  "name": "actions-release",
  "version": "1.0.0",
  "lockfileVersion": 3,
  "requires": true,
  "packages": {
    "": {
      "name": "actions-release",
      "version": "1.0.0",
      "license": "ISC",
      "dependencies": {
        "extract-changelog-release": "^1.0.2"
      }
    },
    "node_modules/extract-changelog-release": {
      "version": "1.0.2",
      "resolved": "https://registry.npmjs.org/extract-changelog-release/-/extract-changelog-release-1.0.2.tgz",
      "integrity": "sha512-y7z3GsG3zlp9Y0Toqxo4vQdn8x5T0LmVpycap3OcOP+HhgSuSqfHP0gnqYWf2zsquohE/20IpJKpvbVStQG2jg==",
      "dependencies": {
        "minimist": "^1.2.5"
      },
      "bin": {
        "extract-changelog-release": "dist/index.js"
      }
    },
    "node_modules/minimist": {
      "version": "1.2.8",
      "resolved": "https://registry.npmjs.org/minimist/-/minimist-1.2.8.tgz",
      "integrity": "sha512-2yyAR8qBkN3YuheJanUpWC5U3bb5osDywNB8RzDVlDwDHbocAJveqqj1u8+SVD7jkWT4yvsHCpWqqWqAxb0zCA==",
      "funding": {
        "url": "https://github.com/sponsors/ljharb"
      }
    }
  }
}
